# This file is generated by running "yarn install" inside your project.
# Manual changes might be lost - proceed with caution!

__metadata:
  version: 8
  cacheKey: 10c0

"@resvg/resvg-wasm@npm:^2.6.2":
  version: 2.6.2
  resolution: "@resvg/resvg-wasm@npm:2.6.2"
  checksum: 10c0/74eb061c53510dad516e42375d1802a5b70ff531abd3c858921178add5acd136382a2f0afc1bd83fa72ec2c2c9bd40a636000572a152b53a9b04e9c131ba0223
  languageName: node
  linkType: hard

"harfbuzzjs@npm:^0.10.0":
  version: 0.10.0
  resolution: "harfbuzzjs@npm:0.10.0"
  checksum: 10c0/acc0cdcadb76de6ebe127468a30e7b9926edd9582fc1f0e966b0bbf955d9c5bb756de0d801344105da9d78357a86789ea3467d0ae2c37a075aef41c445a847a3
  languageName: node
  linkType: hard

"rasterize-wasm@workspace:.":
  version: 0.0.0-use.local
  resolution: "rasterize-wasm@workspace:."
  dependencies:
    "@resvg/resvg-wasm": "npm:^2.6.2"
    harfbuzzjs: "npm:^0.10.0"
  languageName: unknown
  linkType: soft
