# This file is generated by running "yarn install" inside your project.
# Manual changes might be lost - proceed with caution!

__metadata:
  version: 8
  cacheKey: 10c0

"@resvg/resvg-wasm@npm:^2.6.2":
  version: 2.6.2
  resolution: "@resvg/resvg-wasm@npm:2.6.2"
  checksum: 10c0/74eb061c53510dad516e42375d1802a5b70ff531abd3c858921178add5acd136382a2f0afc1bd83fa72ec2c2c9bd40a636000572a152b53a9b04e9c131ba0223
  languageName: node
  linkType: hard

"bidi-js@npm:^1.0.3":
  version: 1.0.3
  resolution: "bidi-js@npm:1.0.3"
  dependencies:
    require-from-string: "npm:^2.0.2"
  checksum: 10c0/fdddea4aa4120a34285486f2267526cd9298b6e8b773ad25e765d4f104b6d7437ab4ba542e6939e3ac834a7570bcf121ee2cf6d3ae7cd7082c4b5bedc8f271e1
  languageName: node
  linkType: hard

"harfbuzzjs@npm:^0.10.0":
  version: 0.10.0
  resolution: "harfbuzzjs@npm:0.10.0"
  checksum: 10c0/acc0cdcadb76de6ebe127468a30e7b9926edd9582fc1f0e966b0bbf955d9c5bb756de0d801344105da9d78357a86789ea3467d0ae2c37a075aef41c445a847a3
  languageName: node
  linkType: hard

"rasterize-wasm@workspace:.":
  version: 0.0.0-use.local
  resolution: "rasterize-wasm@workspace:."
  dependencies:
    "@resvg/resvg-wasm": "npm:^2.6.2"
    bidi-js: "npm:^1.0.3"
    harfbuzzjs: "npm:^0.10.0"
    tiny-brotli-dec-wasm: "npm:^1.0.1"
  languageName: unknown
  linkType: soft

"require-from-string@npm:^2.0.2":
  version: 2.0.2
  resolution: "require-from-string@npm:2.0.2"
  checksum: 10c0/aaa267e0c5b022fc5fd4eef49d8285086b15f2a1c54b28240fdf03599cbd9c26049fee3eab894f2e1f6ca65e513b030a7c264201e3f005601e80c49fb2937ce2
  languageName: node
  linkType: hard

"tiny-brotli-dec-wasm@npm:^1.0.1":
  version: 1.0.1
  resolution: "tiny-brotli-dec-wasm@npm:1.0.1"
  checksum: 10c0/9e693a03739dc7c633323f337a3a9eeebdca1e18917f033070b67c970a055732ea598d6fbb675b6cd28bf8a06587ef81f03eda8c848913bdfd3f250c17e832a9
  languageName: node
  linkType: hard
